
Microsoft Visual Studio Solution File, Format Version 12.00
# Visual Studio 15
VisualStudioVersion = 15.0.27703.2042
MinimumVisualStudioVersion = 10.0.40219.1
Project("{9A19103F-16F7-4668-BE54-9A1E7A4F7556}") = "GitHubHelper", "GitHubHelper\GitHubHelper.csproj", "{4564827E-5131-49D9-BC12-D4F0FC405F6A}"
EndProject
Project("{9A19103F-16F7-4668-BE54-9A1E7A4F7556}") = "GitHubClient", "GitHubClient\GitHubClient.csproj", "{1FA4245A-F24A-4718-A1B8-7BB9097A1DCC}"
EndProject
Project("{9A19103F-16F7-4668-BE54-9A1E7A4F7556}") = "GitHubClient.Tests", "GitHubClient.Test\GitHubClient.Tests.csproj", "{F42D110D-8C01-4BD5-A211-F11E1CD59812}"
EndProject
Project("{9A19103F-16F7-4668-BE54-9A1E7A4F7556}") = "GitHubHelper.Test", "GitHubHelper.Test\GitHubHelper.Test.csproj", "{B92C73C3-E040-4C57-AA86-8D813FCF52C9}"
EndProject
Global
	GlobalSection(SolutionConfigurationPlatforms) = preSolution
		Debug|Any CPU = Debug|Any CPU
		Release|Any CPU = Release|Any CPU
	EndGlobalSection
	GlobalSection(ProjectConfigurationPlatforms) = postSolution
		{4564827E-5131-49D9-BC12-D4F0FC405F6A}.Debug|Any CPU.ActiveCfg = Debug|Any CPU
		{4564827E-5131-49D9-BC12-D4F0FC405F6A}.Debug|Any CPU.Build.0 = Debug|Any CPU
		{4564827E-5131-49D9-BC12-D4F0FC405F6A}.Release|Any CPU.ActiveCfg = Release|Any CPU
		{4564827E-5131-49D9-BC12-D4F0FC405F6A}.Release|Any CPU.Build.0 = Release|Any CPU
		{1FA4245A-F24A-4718-A1B8-7BB9097A1DCC}.Debug|Any CPU.ActiveCfg = Debug|Any CPU
		{1FA4245A-F24A-4718-A1B8-7BB9097A1DCC}.Debug|Any CPU.Build.0 = Debug|Any CPU
		{1FA4245A-F24A-4718-A1B8-7BB9097A1DCC}.Release|Any CPU.ActiveCfg = Release|Any CPU
		{1FA4245A-F24A-4718-A1B8-7BB9097A1DCC}.Release|Any CPU.Build.0 = Release|Any CPU
		{F42D110D-8C01-4BD5-A211-F11E1CD59812}.Debug|Any CPU.ActiveCfg = Debug|Any CPU
		{F42D110D-8C01-4BD5-A211-F11E1CD59812}.Debug|Any CPU.Build.0 = Debug|Any CPU
		{F42D110D-8C01-4BD5-A211-F11E1CD59812}.Release|Any CPU.ActiveCfg = Release|Any CPU
		{F42D110D-8C01-4BD5-A211-F11E1CD59812}.Release|Any CPU.Build.0 = Release|Any CPU
		{B92C73C3-E040-4C57-AA86-8D813FCF52C9}.Debug|Any CPU.ActiveCfg = Debug|Any CPU
		{B92C73C3-E040-4C57-AA86-8D813FCF52C9}.Debug|Any CPU.Build.0 = Debug|Any CPU
		{B92C73C3-E040-4C57-AA86-8D813FCF52C9}.Release|Any CPU.ActiveCfg = Release|Any CPU
		{B92C73C3-E040-4C57-AA86-8D813FCF52C9}.Release|Any CPU.Build.0 = Release|Any CPU
	EndGlobalSection
	GlobalSection(SolutionProperties) = preSolution
		HideSolutionNode = FALSE
	EndGlobalSection
	GlobalSection(ExtensibilityGlobals) = postSolution
		SolutionGuid = {D2F03F7A-8472-4125-8B9A-CBA6C6339836}
	EndGlobalSection
EndGlobal
